NeoBundleLock CSApprox 04a4c4c9e6d07aa0a88b1f046f60235824c1db7b
NeoBundleLock HTML-AutoCloseTag 04a4c4c9e6d07aa0a88b1f046f60235824c1db7b
NeoBundleLock c.vim 04a4c4c9e6d07aa0a88b1f046f60235824c1db7b
NeoBundleLock caw.vim 04a4c4c9e6d07aa0a88b1f046f60235824c1db7b
NeoBundleLock ctrlp.vim 04a4c4c9e6d07aa0a88b1f046f60235824c1db7b
NeoBundleLock desertEx 04a4c4c9e6d07aa0a88b1f046f60235824c1db7b
NeoBundleLock emmet-vim 04a4c4c9e6d07aa0a88b1f046f60235824c1db7b
NeoBundleLock flattr.vim 04a4c4c9e6d07aa0a88b1f046f60235824c1db7b
NeoBundleLock grep.vim 04a4c4c9e6d07aa0a88b1f046f60235824c1db7b
NeoBundleLock heroku-colorscheme 04a4c4c9e6d07aa0a88b1f046f60235824c1db7b
NeoBundleLock indentLine 04a4c4c9e6d07aa0a88b1f046f60235824c1db7b
NeoBundleLock jedi-vim 6025f599456982ce67cb5a6b556a830135175981
NeoBundleLock molokai 04a4c4c9e6d07aa0a88b1f046f60235824c1db7b
NeoBundleLock neco-ghc 04a4c4c9e6d07aa0a88b1f046f60235824c1db7b
NeoBundleLock neobundle.vim fd15e35a7a7c4e84ae62981cfa529ae7cc382330
NeoBundleLock neocomplete-rsense.vim 04a4c4c9e6d07aa0a88b1f046f60235824c1db7b
NeoBundleLock neocomplete.vim 04a4c4c9e6d07aa0a88b1f046f60235824c1db7b
NeoBundleLock nerdtree 04a4c4c9e6d07aa0a88b1f046f60235824c1db7b
NeoBundleLock perlomni.vim 04a4c4c9e6d07aa0a88b1f046f60235824c1db7b
NeoBundleLock rsense 04a4c4c9e6d07aa0a88b1f046f60235824c1db7b
NeoBundleLock syntastic 04a4c4c9e6d07aa0a88b1f046f60235824c1db7b
NeoBundleLock tagbar 04a4c4c9e6d07aa0a88b1f046f60235824c1db7b
NeoBundleLock ultisnips 04a4c4c9e6d07aa0a88b1f046f60235824c1db7b
NeoBundleLock vim-airline 04a4c4c9e6d07aa0a88b1f046f60235824c1db7b
NeoBundleLock vim-autoclose 04a4c4c9e6d07aa0a88b1f046f60235824c1db7b
NeoBundleLock vim-bootstrap-updater 04a4c4c9e6d07aa0a88b1f046f60235824c1db7b
NeoBundleLock vim-coloresque 04a4c4c9e6d07aa0a88b1f046f60235824c1db7b
NeoBundleLock vim-commentary 04a4c4c9e6d07aa0a88b1f046f60235824c1db7b
NeoBundleLock vim-css3-syntax 04a4c4c9e6d07aa0a88b1f046f60235824c1db7b
NeoBundleLock vim-endwise 04a4c4c9e6d07aa0a88b1f046f60235824c1db7b
NeoBundleLock vim-fugitive 04a4c4c9e6d07aa0a88b1f046f60235824c1db7b
NeoBundleLock vim-gitgutter 04a4c4c9e6d07aa0a88b1f046f60235824c1db7b
NeoBundleLock vim-go 04a4c4c9e6d07aa0a88b1f046f60235824c1db7b
NeoBundleLock vim-haml 04a4c4c9e6d07aa0a88b1f046f60235824c1db7b
NeoBundleLock vim-misc 04a4c4c9e6d07aa0a88b1f046f60235824c1db7b
NeoBundleLock vim-perl 04a4c4c9e6d07aa0a88b1f046f60235824c1db7b
NeoBundleLock vim-php-namespace 04a4c4c9e6d07aa0a88b1f046f60235824c1db7b
NeoBundleLock vim-polyglot 04a4c4c9e6d07aa0a88b1f046f60235824c1db7b
NeoBundleLock vim-projectionist 04a4c4c9e6d07aa0a88b1f046f60235824c1db7b
NeoBundleLock vim-rails 04a4c4c9e6d07aa0a88b1f046f60235824c1db7b
NeoBundleLock vim-rake 04a4c4c9e6d07aa0a88b1f046f60235824c1db7b
NeoBundleLock vim-rspec 04a4c4c9e6d07aa0a88b1f046f60235824c1db7b
NeoBundleLock vim-session 04a4c4c9e6d07aa0a88b1f046f60235824c1db7b
NeoBundleLock vim-snippets 04a4c4c9e6d07aa0a88b1f046f60235824c1db7b
NeoBundleLock vim-syntax-shakespeare 04a4c4c9e6d07aa0a88b1f046f60235824c1db7b
NeoBundleLock vim-trailing-whitespace 04a4c4c9e6d07aa0a88b1f046f60235824c1db7b
NeoBundleLock vim2hs 04a4c4c9e6d07aa0a88b1f046f60235824c1db7b
NeoBundleLock vimproc.vim ba4a7139fc8d0247badf0617f11ae1f06a7a6910
NeoBundleLock vimshell.vim 04a4c4c9e6d07aa0a88b1f046f60235824c1db7b
NeoBundleLock wells-colorscheme.vim 04a4c4c9e6d07aa0a88b1f046f60235824c1db7b
