NeoBundleLock caw.vim 50efcd94e00dc3e814bcc0d3d8ccfa3ff324ea42
NeoBundleLock ctrlp.vim 4b9e7cac612902a25498cca49f13475fe1a821a4
NeoBundleLock editorconfig-vim 0abb0634a8bf3c760a283e9e7475594b83869a46
NeoBundleLock emmet-vim 350f0ba10b9ee65837fc5b04a993b14a7a10e5ac
NeoBundleLock grep.vim 852ddb0c6590bbc41c508d7f5d2fc17112492def
NeoBundleLock gruvbox cb4e7a5643f7d2dd40e694bcbd28c4b89b185e86
NeoBundleLock indentLine 7a7e36820576a2745992927b1a6889f96967daa0
NeoBundleLock jscomplete-vim d3af71c06a07f1285f3a6f82b032f3c8fb9744eb
NeoBundleLock neobundle.vim 26d03781886ed887e390d4ad8b935987754b1c2c
NeoBundleLock neocomplete-php.vim 68c3b3a6439c6c5cc0640260dde52eef197dd2f3
NeoBundleLock neocomplete.vim 4be617947f3fcf2d725fab20b0e12f8b46c9e2f3
NeoBundleLock neoyank.vim ea3cd47ccb40cb2e26cb607d28475aa0fdb26fef
NeoBundleLock nerdtree 727770147a7589ab3a06722f4852c0237c8b3549
NeoBundleLock rsense 2952a54972cf927d5419085d1867b65ff7ab0d41
NeoBundleLock scss-syntax.vim 4461789d02f81fd328afbdf27d6404b6c763c25f
NeoBundleLock syntastic e3a819c7cb3bf4397b0693303a247439668726f1
NeoBundleLock syntastic-local-eslint.vim 5d6a68121c0d2e2727122a0f10b6b01f40666c10
NeoBundleLock tagbar 387bbadda98e1376ff3871aa461b1f0abd4ece70
NeoBundleLock tcomment_vim e365bfab66ab481aebcefd57b795c8ef1d42681f
NeoBundleLock tmuxline.vim 92c6688f075dcbba899c824387ae6620006b4609
NeoBundleLock typescript-vim e25636b44211a4be7b089bfed7cf09aa7dd086f5
NeoBundleLock unite-outline 35af4ec1e3938a3f017a5b89bf82f7eef7222bfa
NeoBundleLock unite.vim cc0af4798f91e1c3a4a78ae028a3ac3e61d25eb3
NeoBundleLock vim-airline d9acbc53b028d9245cc349cac5581d37bc147ba9
NeoBundleLock vim-autoclose a9a3b7384657bc1f60a963fd6c08c63fc48d61c3
NeoBundleLock vim-commentary 296d99b353261191adb7a356ee3fefbce8e6096b
NeoBundleLock vim-css3-syntax 5ded300c0d2b9488e676fd8ddc0d9b36ce995158
NeoBundleLock vim-endwise c714a2652427ef4d524ba818baf23f861b5f0cd3
NeoBundleLock vim-fugitive b680699450805e01960184b60a2cf0d3a71088cf
NeoBundleLock vim-gitgutter 5481318fc1b97e7c04eab5496ec45c63335d6bc1
NeoBundleLock vim-go 7491209072ed4aa746e6fe7894f976ecd251801e
NeoBundleLock vim-javascript c99c96bdf12b5a5749c9bbdb977b070e14c15eb3
NeoBundleLock vim-jsx 52ee8bb9f4b53e9bcb38c95f9839ec983bcf7f9d
NeoBundleLock vim-markdown 8ace66328c7a2f416671b863cd842712d36c53cc
NeoBundleLock vim-multiple-cursors 8ae5dd3f4f344cc2abe79783a8b808e4093bf084
NeoBundleLock vim-node 13b31218447335e176d46dd5f497b274f7f49595
NeoBundleLock vim-projectionist 6d2095b87f56c84ba36c4e8cacb0508d1cdd586b
NeoBundleLock vim-rails 39cb87dbbac742dad68908c1c645b8f202d8f943
NeoBundleLock vim-rake 79e51f17d26e2f31321af94ffd45bc9060623fdb
NeoBundleLock vim-rspec 52a72592b6128f4ef1557bc6e2e3eb014d8b2d38
NeoBundleLock vim-ruby 71f5df78a45c5458da793b2c897ff5dcdcd9a819
NeoBundleLock vim-slim b19d372ddc4b00048953dc0f5315490ede343b60
NeoBundleLock vim-submode d29de4f55c40a7a03af1d8134453a703d6affbd2
NeoBundleLock vim-surround e49d6c2459e0f5569ff2d533b4df995dd7f98313
NeoBundleLock vim-tags e75dea76e488d9208ed73c53c46a4abee2695115
NeoBundleLock vim-tmux-navigator d724094e7128acd7375cc758008f1e1688130877
NeoBundleLock vim-trailing-whitespace 4c596548216b7c19971f8fc94e38ef1a2b55fee6
NeoBundleLock vim-workspace 8c62edbfe4b273219870b0f0e78154ce85a79d6f
NeoBundleLock vimfiler 0c0c1840874713bdca4a61713d9550902038ab69
NeoBundleLock vimshell.vim d0c5bef010237855b4de25863bc54895effe5d7a
