NeoBundleLock CSApprox a2958096696f9132ef0ece44b3fab93dac6df8d0
NeoBundleLock HTML-AutoCloseTag c2f6f59cf5c08dd487ef361f93ba09317a840e25
NeoBundleLock c.vim 69f0368c7d8dac196bd94ddfa80d98b1cedc7eb0
NeoBundleLock caw.vim bb24d3bb06bd1c193f2b7b161775989b833e0c8e
NeoBundleLock ctrlp.vim f2effdc86abf172d6562ec589fa1aa2c8f136a08
NeoBundleLock desert.vim 0141b8809cadace616b87c9e50a94d46d4978dd6
NeoBundleLock emmet-vim 1c46c5fb775606621906f0bedc8da8bc636c1dac
NeoBundleLock grep.vim 852ddb0c6590bbc41c508d7f5d2fc17112492def
NeoBundleLock indentLine afc214ca0700696c4d9f53d1a84e841c17bc7e7a
NeoBundleLock jedi-vim 1bf69c584479c7d8a1f315394c2f5db27d08f8cd
NeoBundleLock molokai db8ce13b3737d3ddea8368498183d7c204a762eb
NeoBundleLock neco-ghc a45f4f98ee3f25eaa64a39328c253d4f78cd5fda
NeoBundleLock neobundle.vim fd15e35a7a7c4e84ae62981cfa529ae7cc382330
NeoBundleLock nerdtree 7270212214660961df9a06846cdd4a36cf1b6fc0
NeoBundleLock perlomni.vim 60b39ac6cd59ff14022fc024f1f0a7121a93c952
NeoBundleLock syntastic 24bb2935745809998ae8223f0d98cfc52a18ecd7
NeoBundleLock tagbar c6b473f5593a1cb9e567bb1a9a897f196f1f720a
NeoBundleLock ultisnips ab1cc1afaceba78e5b5a8ccb9d9c5bd1bde0efe2
NeoBundleLock vim-airline f45ecdac15d99ed2354873a8b4d40432fd0a85a3
NeoBundleLock vim-autoclose a9a3b7384657bc1f60a963fd6c08c63fc48d61c3
NeoBundleLock vim-bootstrap-updater 83f1e75acb63ef72f987c0fb72a9dcb3b3d76168
NeoBundleLock vim-coloresque 0c21b1469993e610600e88e734ffe90b9c10a514
NeoBundleLock vim-commentary 9c685131a5facfa0d643feca3a61b41c007d8170
NeoBundleLock vim-css3-syntax 8feb345b5ce73a6f053609bdaa6de0e53c21bfbd
NeoBundleLock vim-fugitive 4cc201cbe3a0c3faa4cde1b82ba941d410e5e81c
NeoBundleLock vim-gitgutter 937930e647b89c1095c0683af16d7d5e8efcbd09
NeoBundleLock vim-go 22544ec05cde05b769fd946e4ae770fb194a70df
NeoBundleLock vim-haml 204e32721154766e03e99ff857bc798aa5b741dc
NeoBundleLock vim-misc 8076e726cc3953265353667f1fd1eec9d6767af6
NeoBundleLock vim-perl 7ba06955f1dcac70916c87a1e41aeeefc82009b5
NeoBundleLock vim-php-namespace 9a1c88cd14162f61a3535d514b5d07a1e4f12805
NeoBundleLock vim-polyglot acd7ce59503b22ac7663fc25776efe25e266f1d4
NeoBundleLock vim-projectionist a644b8015f7efb0f2e65b964662d68f8ce116897
NeoBundleLock vim-rails e8f945663a123e8c118594acc1adca665595aac9
NeoBundleLock vim-rake afd766e87bc6d01eebc967218a41253f6161d306
NeoBundleLock vim-rspec f733ab32702577ad799e3cd4095aa0bd5bcaf582
NeoBundleLock vim-session 5c3ab85683d17bc8be64797bcdf81321eab9cdd6
NeoBundleLock vim-snippets 6ff32d353e3698cf5968c166d41aa60f635aa7d9
NeoBundleLock vim-syntax-shakespeare 13eaf3588e5a5f17dbd86848337de8e7ed735cca
NeoBundleLock vim-trailing-whitespace d4ad27de051848e544e360482bdf076b154de0c1
NeoBundleLock vim2hs f2afd55704bfe0a2d66e6b270d247e9b8a7b1664
NeoBundleLock vimproc.vim ba4a7139fc8d0247badf0617f11ae1f06a7a6910
NeoBundleLock vimshell.vim 4939e10609c434becf6423b2f3876bb9c2be3464
