NeoBundleLock caw.vim 50efcd94e00dc3e814bcc0d3d8ccfa3ff324ea42
NeoBundleLock ctrlp.vim 35c9b961c916e4370f97cb74a0ba57435a3dbc25
NeoBundleLock editorconfig-vim 0abb0634a8bf3c760a283e9e7475594b83869a46
NeoBundleLock emmet-vim 350f0ba10b9ee65837fc5b04a993b14a7a10e5ac
NeoBundleLock grep.vim 852ddb0c6590bbc41c508d7f5d2fc17112492def
NeoBundleLock gruvbox cb4e7a5643f7d2dd40e694bcbd28c4b89b185e86
NeoBundleLock indentLine 7a7e36820576a2745992927b1a6889f96967daa0
NeoBundleLock jscomplete-vim d3af71c06a07f1285f3a6f82b032f3c8fb9744eb
NeoBundleLock neobundle.vim 26d03781886ed887e390d4ad8b935987754b1c2c
NeoBundleLock neocomplete-php.vim 68c3b3a6439c6c5cc0640260dde52eef197dd2f3
NeoBundleLock neocomplete-rsense.vim a8b7460a41eb96aa1c9e49b231dd95e216c8dc2d
NeoBundleLock neocomplete.vim 1401a1c6ab56546c55804ba09e6c9fe87654e954
NeoBundleLock neoyank.vim 5d6e6f80e1920fc38ab5cf779c424a1fdb49202d
NeoBundleLock nerdtree a172d7cfcb4fe9b927dcc24184204fc89d826301
NeoBundleLock rsense 2952a54972cf927d5419085d1867b65ff7ab0d41
NeoBundleLock scss-syntax.vim 4461789d02f81fd328afbdf27d6404b6c763c25f
NeoBundleLock syntastic b7b473b2688827dcd7d8c801197b8bfc31b20dc4
NeoBundleLock syntastic-local-eslint.vim 5d6a68121c0d2e2727122a0f10b6b01f40666c10
NeoBundleLock tagbar 387bbadda98e1376ff3871aa461b1f0abd4ece70
NeoBundleLock tcomment_vim c66a6dab214e3944259acef423b924c994a853b9
NeoBundleLock tmuxline.vim 92c6688f075dcbba899c824387ae6620006b4609
NeoBundleLock typescript-vim e25636b44211a4be7b089bfed7cf09aa7dd086f5
NeoBundleLock unite-outline 35af4ec1e3938a3f017a5b89bf82f7eef7222bfa
NeoBundleLock unite.vim cc0af4798f91e1c3a4a78ae028a3ac3e61d25eb3
NeoBundleLock vim-autoclose a9a3b7384657bc1f60a963fd6c08c63fc48d61c3
NeoBundleLock vim-commentary 89f43af18692d22ed999c3097e449f12fdd8b299
NeoBundleLock vim-css3-syntax 7a4aafada48a48ba9537b8a932e945ca24862ff1
NeoBundleLock vim-endwise d5655263af8b3611a2bcb907a9963831a88d154b
NeoBundleLock vim-fugitive 3e0bd86b99c50691f830d9e25a4bbe2a88078f8f
NeoBundleLock vim-gitgutter be14ed7943c228e37d3abdd56c4575d8bc3b9f6b
NeoBundleLock vim-go d2b0a234ffb5441a3488c78fe8e5f551ddbdd454
NeoBundleLock vim-javascript 9b2a032c3bb41187a1bc803fb695a1ea564cc4f9
NeoBundleLock vim-jsx 52ee8bb9f4b53e9bcb38c95f9839ec983bcf7f9d
NeoBundleLock vim-markdown 8ace66328c7a2f416671b863cd842712d36c53cc
NeoBundleLock vim-multiple-cursors 13232e4b544775cf2b039571537b0e630406f801
NeoBundleLock vim-node 13b31218447335e176d46dd5f497b274f7f49595
NeoBundleLock vim-projectionist d20f2a25fe820c5d0abf4b584c46203ecf067f2d
NeoBundleLock vim-rails 3f2951e107dcf72dd67ae56c6ba72ffb4c409520
NeoBundleLock vim-rake 79e51f17d26e2f31321af94ffd45bc9060623fdb
NeoBundleLock vim-rspec 52a72592b6128f4ef1557bc6e2e3eb014d8b2d38
NeoBundleLock vim-ruby 15e32500f58c3bb66eb6b1eb4af57d86263895c0
NeoBundleLock vim-submode d29de4f55c40a7a03af1d8134453a703d6affbd2
NeoBundleLock vim-surround e49d6c2459e0f5569ff2d533b4df995dd7f98313
NeoBundleLock vim-tags e75dea76e488d9208ed73c53c46a4abee2695115
NeoBundleLock vim-tmux-navigator d724094e7128acd7375cc758008f1e1688130877
NeoBundleLock vim-trailing-whitespace 4c596548216b7c19971f8fc94e38ef1a2b55fee6
NeoBundleLock vim-workspace 3e0f0b12dd36b37908ad7fe6f9e233393cd27132
NeoBundleLock vimfiler 0c0c1840874713bdca4a61713d9550902038ab69
NeoBundleLock vimshell.vim d0c5bef010237855b4de25863bc54895effe5d7a
